// !$*UTF8*$!
{
	archiveVersion = 1;
	classes = {
	};
	objectVersion = 46;
	objects = {

/* Begin PBXBuildFile section */
		6B33F9F71D0A9989001ED4D5 /* main.m in Sources */ = {isa = PBXBuildFile; fileRef = 6B33F9F61D0A9989001ED4D5 /* main.m */; };
		6B33F9FA1D0A9989001ED4D5 /* AppDelegate.m in Sources */ = {isa = PBXBuildFile; fileRef = 6B33F9F91D0A9989001ED4D5 /* AppDelegate.m */; };
		6B33F9FD1D0A9989001ED4D5 /* ViewController.m in Sources */ = {isa = PBXBuildFile; fileRef = 6B33F9FC1D0A9989001ED4D5 /* ViewController.m */; };
		6B33FA001D0A9989001ED4D5 /* Main.storyboard in Resources */ = {isa = PBXBuildFile; fileRef = 6B33F9FE1D0A9989001ED4D5 /* Main.storyboard */; };
		6B33FA021D0A9989001ED4D5 /* Assets.xcassets in Resources */ = {isa = PBXBuildFile; fileRef = 6B33FA011D0A9989001ED4D5 /* Assets.xcassets */; };
		6B33FA051D0A9989001ED4D5 /* LaunchScreen.storyboard in Resources */ = {isa = PBXBuildFile; fileRef = 6B33FA031D0A9989001ED4D5 /* LaunchScreen.storyboard */; };
		6B33FA101D0A9989001ED4D5 /* MemoryGameTests.m in Sources */ = {isa = PBXBuildFile; fileRef = 6B33FA0F1D0A9989001ED4D5 /* MemoryGameTests.m */; };
		6B33FA1B1D0A9989001ED4D5 /* MemoryGameUITests.m in Sources */ = {isa = PBXBuildFile; fileRef = 6B33FA1A1D0A9989001ED4D5 /* MemoryGameUITests.m */; };
		6B33FA2A1D0AC009001ED4D5 /* MNImageCollectionCell.m in Sources */ = {isa = PBXBuildFile; fileRef = 6B33FA291D0AC009001ED4D5 /* MNImageCollectionCell.m */; };
		6B33FA511D0AC5C8001ED4D5 /* MBProgressHUD.m in Sources */ = {isa = PBXBuildFile; fileRef = 6B33FA2E1D0AC5C8001ED4D5 /* MBProgressHUD.m */; };
		6B33FA521D0AC5C8001ED4D5 /* MKAnnotationView+WebCache.m in Sources */ = {isa = PBXBuildFile; fileRef = 6B33FA311D0AC5C8001ED4D5 /* MKAnnotationView+WebCache.m */; };
		6B33FA531D0AC5C8001ED4D5 /* NSData+ImageContentType.m in Sources */ = {isa = PBXBuildFile; fileRef = 6B33FA331D0AC5C8001ED4D5 /* NSData+ImageContentType.m */; };
		6B33FA541D0AC5C8001ED4D5 /* SDImageCache.m in Sources */ = {isa = PBXBuildFile; fileRef = 6B33FA351D0AC5C8001ED4D5 /* SDImageCache.m */; };
		6B33FA551D0AC5C8001ED4D5 /* SDWebImageCompat.m in Sources */ = {isa = PBXBuildFile; fileRef = 6B33FA371D0AC5C8001ED4D5 /* SDWebImageCompat.m */; };
		6B33FA561D0AC5C8001ED4D5 /* SDWebImageDecoder.m in Sources */ = {isa = PBXBuildFile; fileRef = 6B33FA391D0AC5C8001ED4D5 /* SDWebImageDecoder.m */; };
		6B33FA571D0AC5C8001ED4D5 /* SDWebImageDownloader.m in Sources */ = {isa = PBXBuildFile; fileRef = 6B33FA3B1D0AC5C8001ED4D5 /* SDWebImageDownloader.m */; };
		6B33FA581D0AC5C8001ED4D5 /* SDWebImageDownloaderOperation.m in Sources */ = {isa = PBXBuildFile; fileRef = 6B33FA3D1D0AC5C8001ED4D5 /* SDWebImageDownloaderOperation.m */; };
		6B33FA591D0AC5C8001ED4D5 /* SDWebImageManager.m in Sources */ = {isa = PBXBuildFile; fileRef = 6B33FA3F1D0AC5C8001ED4D5 /* SDWebImageManager.m */; };
		6B33FA5A1D0AC5C8001ED4D5 /* SDWebImagePrefetcher.m in Sources */ = {isa = PBXBuildFile; fileRef = 6B33FA421D0AC5C8001ED4D5 /* SDWebImagePrefetcher.m */; };
		6B33FA5B1D0AC5C8001ED4D5 /* UIButton+WebCache.m in Sources */ = {isa = PBXBuildFile; fileRef = 6B33FA441D0AC5C8001ED4D5 /* UIButton+WebCache.m */; };
		6B33FA5C1D0AC5C8001ED4D5 /* UIImage+GIF.m in Sources */ = {isa = PBXBuildFile; fileRef = 6B33FA461D0AC5C8001ED4D5 /* UIImage+GIF.m */; };
		6B33FA5D1D0AC5C8001ED4D5 /* UIImage+MultiFormat.m in Sources */ = {isa = PBXBuildFile; fileRef = 6B33FA481D0AC5C8001ED4D5 /* UIImage+MultiFormat.m */; };
		6B33FA5E1D0AC5C8001ED4D5 /* UIImage+WebP.m in Sources */ = {isa = PBXBuildFile; fileRef = 6B33FA4A1D0AC5C8001ED4D5 /* UIImage+WebP.m */; };
		6B33FA5F1D0AC5C8001ED4D5 /* UIImageView+HighlightedWebCache.m in Sources */ = {isa = PBXBuildFile; fileRef = 6B33FA4C1D0AC5C8001ED4D5 /* UIImageView+HighlightedWebCache.m */; };
		6B33FA601D0AC5C8001ED4D5 /* UIImageView+WebCache.m in Sources */ = {isa = PBXBuildFile; fileRef = 6B33FA4E1D0AC5C8001ED4D5 /* UIImageView+WebCache.m */; };
		6B33FA611D0AC5C8001ED4D5 /* UIView+WebCacheOperation.m in Sources */ = {isa = PBXBuildFile; fileRef = 6B33FA501D0AC5C8001ED4D5 /* UIView+WebCacheOperation.m */; };
		6B33FA791D0B0CB2001ED4D5 /* AFHTTPRequestOperation.m in Sources */ = {isa = PBXBuildFile; fileRef = 6B33FA671D0B0CB2001ED4D5 /* AFHTTPRequestOperation.m */; };
		6B33FA7A1D0B0CB2001ED4D5 /* AFHTTPRequestOperationManager.m in Sources */ = {isa = PBXBuildFile; fileRef = 6B33FA691D0B0CB2001ED4D5 /* AFHTTPRequestOperationManager.m */; };
		6B33FA7B1D0B0CB2001ED4D5 /* AFHTTPSessionManager.m in Sources */ = {isa = PBXBuildFile; fileRef = 6B33FA6B1D0B0CB2001ED4D5 /* AFHTTPSessionManager.m */; };
		6B33FA7C1D0B0CB2001ED4D5 /* AFNetworkReachabilityManager.m in Sources */ = {isa = PBXBuildFile; fileRef = 6B33FA6E1D0B0CB2001ED4D5 /* AFNetworkReachabilityManager.m */; };
		6B33FA7D1D0B0CB2001ED4D5 /* AFSecurityPolicy.m in Sources */ = {isa = PBXBuildFile; fileRef = 6B33FA701D0B0CB2001ED4D5 /* AFSecurityPolicy.m */; };
		6B33FA7E1D0B0CB2001ED4D5 /* AFURLConnectionOperation.m in Sources */ = {isa = PBXBuildFile; fileRef = 6B33FA721D0B0CB2001ED4D5 /* AFURLConnectionOperation.m */; };
		6B33FA7F1D0B0CB2001ED4D5 /* AFURLRequestSerialization.m in Sources */ = {isa = PBXBuildFile; fileRef = 6B33FA741D0B0CB2001ED4D5 /* AFURLRequestSerialization.m */; };
		6B33FA801D0B0CB2001ED4D5 /* AFURLResponseSerialization.m in Sources */ = {isa = PBXBuildFile; fileRef = 6B33FA761D0B0CB2001ED4D5 /* AFURLResponseSerialization.m */; };
		6B33FA811D0B0CB2001ED4D5 /* AFURLSessionManager.m in Sources */ = {isa = PBXBuildFile; fileRef = 6B33FA781D0B0CB2001ED4D5 /* AFURLSessionManager.m */; };
/* End PBXBuildFile section */

/* Begin PBXContainerItemProxy section */
		6B33FA0C1D0A9989001ED4D5 /* PBXContainerItemProxy */ = {
			isa = PBXContainerItemProxy;
			containerPortal = 6B33F9EA1D0A9989001ED4D5 /* Project object */;
			proxyType = 1;
			remoteGlobalIDString = 6B33F9F11D0A9989001ED4D5;
			remoteInfo = MemoryGame;
		};
		6B33FA171D0A9989001ED4D5 /* PBXContainerItemProxy */ = {
			isa = PBXContainerItemProxy;
			containerPortal = 6B33F9EA1D0A9989001ED4D5 /* Project object */;
			proxyType = 1;
			remoteGlobalIDString = 6B33F9F11D0A9989001ED4D5;
			remoteInfo = MemoryGame;
		};
/* End PBXContainerItemProxy section */

/* Begin PBXFileReference section */
		6B33F9F21D0A9989001ED4D5 /* MemoryGame.app */ = {isa = PBXFileReference; explicitFileType = wrapper.application; includeInIndex = 0; path = MemoryGame.app; sourceTree = BUILT_PRODUCTS_DIR; };
		6B33F9F61D0A9989001ED4D5 /* main.m */ = {isa = PBXFileReference; lastKnownFileType = sourcecode.c.objc; path = main.m; sourceTree = "<group>"; };
		6B33F9F81D0A9989001ED4D5 /* AppDelegate.h */ = {isa = PBXFileReference; lastKnownFileType = sourcecode.c.h; path = AppDelegate.h; sourceTree = "<group>"; };
		6B33F9F91D0A9989001ED4D5 /* AppDelegate.m */ = {isa = PBXFileReference; lastKnownFileType = sourcecode.c.objc; path = AppDelegate.m; sourceTree = "<group>"; };
		6B33F9FB1D0A9989001ED4D5 /* ViewController.h */ = {isa = PBXFileReference; lastKnownFileType = sourcecode.c.h; path = ViewController.h; sourceTree = "<group>"; };
		6B33F9FC1D0A9989001ED4D5 /* ViewController.m */ = {isa = PBXFileReference; lastKnownFileType = sourcecode.c.objc; path = ViewController.m; sourceTree = "<group>"; };
		6B33F9FF1D0A9989001ED4D5 /* Base */ = {isa = PBXFileReference; lastKnownFileType = file.storyboard; name = Base; path = Base.lproj/Main.storyboard; sourceTree = "<group>"; };
		6B33FA011D0A9989001ED4D5 /* Assets.xcassets */ = {isa = PBXFileReference; lastKnownFileType = folder.assetcatalog; path = Assets.xcassets; sourceTree = "<group>"; };
		6B33FA041D0A9989001ED4D5 /* Base */ = {isa = PBXFileReference; lastKnownFileType = file.storyboard; name = Base; path = Base.lproj/LaunchScreen.storyboard; sourceTree = "<group>"; };
		6B33FA061D0A9989001ED4D5 /* Info.plist */ = {isa = PBXFileReference; lastKnownFileType = text.plist.xml; path = Info.plist; sourceTree = "<group>"; };
		6B33FA0B1D0A9989001ED4D5 /* MemoryGameTests.xctest */ = {isa = PBXFileReference; explicitFileType = wrapper.cfbundle; includeInIndex = 0; path = MemoryGameTests.xctest; sourceTree = BUILT_PRODUCTS_DIR; };
		6B33FA0F1D0A9989001ED4D5 /* MemoryGameTests.m */ = {isa = PBXFileReference; lastKnownFileType = sourcecode.c.objc; path = MemoryGameTests.m; sourceTree = "<group>"; };
		6B33FA111D0A9989001ED4D5 /* Info.plist */ = {isa = PBXFileReference; lastKnownFileType = text.plist.xml; path = Info.plist; sourceTree = "<group>"; };
		6B33FA161D0A9989001ED4D5 /* MemoryGameUITests.xctest */ = {isa = PBXFileReference; explicitFileType = wrapper.cfbundle; includeInIndex = 0; path = MemoryGameUITests.xctest; sourceTree = BUILT_PRODUCTS_DIR; };
		6B33FA1A1D0A9989001ED4D5 /* MemoryGameUITests.m */ = {isa = PBXFileReference; lastKnownFileType = sourcecode.c.objc; path = MemoryGameUITests.m; sourceTree = "<group>"; };
		6B33FA1C1D0A9989001ED4D5 /* Info.plist */ = {isa = PBXFileReference; lastKnownFileType = text.plist.xml; path = Info.plist; sourceTree = "<group>"; };
		6B33FA281D0AC009001ED4D5 /* MNImageCollectionCell.h */ = {isa = PBXFileReference; fileEncoding = 4; lastKnownFileType = sourcecode.c.h; path = MNImageCollectionCell.h; sourceTree = "<group>"; };
		6B33FA291D0AC009001ED4D5 /* MNImageCollectionCell.m */ = {isa = PBXFileReference; fileEncoding = 4; lastKnownFileType = sourcecode.c.objc; path = MNImageCollectionCell.m; sourceTree = "<group>"; };
		6B33FA2D1D0AC5C8001ED4D5 /* MBProgressHUD.h */ = {isa = PBXFileReference; fileEncoding = 4; lastKnownFileType = sourcecode.c.h; path = MBProgressHUD.h; sourceTree = "<group>"; };
		6B33FA2E1D0AC5C8001ED4D5 /* MBProgressHUD.m */ = {isa = PBXFileReference; fileEncoding = 4; lastKnownFileType = sourcecode.c.objc; path = MBProgressHUD.m; sourceTree = "<group>"; };
		6B33FA301D0AC5C8001ED4D5 /* MKAnnotationView+WebCache.h */ = {isa = PBXFileReference; fileEncoding = 4; lastKnownFileType = sourcecode.c.h; path = "MKAnnotationView+WebCache.h"; sourceTree = "<group>"; };
		6B33FA311D0AC5C8001ED4D5 /* MKAnnotationView+WebCache.m */ = {isa = PBXFileReference; fileEncoding = 4; lastKnownFileType = sourcecode.c.objc; path = "MKAnnotationView+WebCache.m"; sourceTree = "<group>"; };
		6B33FA321D0AC5C8001ED4D5 /* NSData+ImageContentType.h */ = {isa = PBXFileReference; fileEncoding = 4; lastKnownFileType = sourcecode.c.h; path = "NSData+ImageContentType.h"; sourceTree = "<group>"; };
		6B33FA331D0AC5C8001ED4D5 /* NSData+ImageContentType.m */ = {isa = PBXFileReference; fileEncoding = 4; lastKnownFileType = sourcecode.c.objc; path = "NSData+ImageContentType.m"; sourceTree = "<group>"; };
		6B33FA341D0AC5C8001ED4D5 /* SDImageCache.h */ = {isa = PBXFileReference; fileEncoding = 4; lastKnownFileType = sourcecode.c.h; path = SDImageCache.h; sourceTree = "<group>"; };
		6B33FA351D0AC5C8001ED4D5 /* SDImageCache.m */ = {isa = PBXFileReference; fileEncoding = 4; lastKnownFileType = sourcecode.c.objc; path = SDImageCache.m; sourceTree = "<group>"; };
		6B33FA361D0AC5C8001ED4D5 /* SDWebImageCompat.h */ = {isa = PBXFileReference; fileEncoding = 4; lastKnownFileType = sourcecode.c.h; path = SDWebImageCompat.h; sourceTree = "<group>"; };
		6B33FA371D0AC5C8001ED4D5 /* SDWebImageCompat.m */ = {isa = PBXFileReference; fileEncoding = 4; lastKnownFileType = sourcecode.c.objc; path = SDWebImageCompat.m; sourceTree = "<group>"; };
		6B33FA381D0AC5C8001ED4D5 /* SDWebImageDecoder.h */ = {isa = PBXFileReference; fileEncoding = 4; lastKnownFileType = sourcecode.c.h; path = SDWebImageDecoder.h; sourceTree = "<group>"; };
		6B33FA391D0AC5C8001ED4D5 /* SDWebImageDecoder.m */ = {isa = PBXFileReference; fileEncoding = 4; lastKnownFileType = sourcecode.c.objc; path = SDWebImageDecoder.m; sourceTree = "<group>"; };
		6B33FA3A1D0AC5C8001ED4D5 /* SDWebImageDownloader.h */ = {isa = PBXFileReference; fileEncoding = 4; lastKnownFileType = sourcecode.c.h; path = SDWebImageDownloader.h; sourceTree = "<group>"; };
		6B33FA3B1D0AC5C8001ED4D5 /* SDWebImageDownloader.m */ = {isa = PBXFileReference; fileEncoding = 4; lastKnownFileType = sourcecode.c.objc; path = SDWebImageDownloader.m; sourceTree = "<group>"; };
		6B33FA3C1D0AC5C8001ED4D5 /* SDWebImageDownloaderOperation.h */ = {isa = PBXFileReference; fileEncoding = 4; lastKnownFileType = sourcecode.c.h; path = SDWebImageDownloaderOperation.h; sourceTree = "<group>"; };
		6B33FA3D1D0AC5C8001ED4D5 /* SDWebImageDownloaderOperation.m */ = {isa = PBXFileReference; fileEncoding = 4; lastKnownFileType = sourcecode.c.objc; path = SDWebImageDownloaderOperation.m; sourceTree = "<group>"; };
		6B33FA3E1D0AC5C8001ED4D5 /* SDWebImageManager.h */ = {isa = PBXFileReference; fileEncoding = 4; lastKnownFileType = sourcecode.c.h; path = SDWebImageManager.h; sourceTree = "<group>"; };
		6B33FA3F1D0AC5C8001ED4D5 /* SDWebImageManager.m */ = {isa = PBXFileReference; fileEncoding = 4; lastKnownFileType = sourcecode.c.objc; path = SDWebImageManager.m; sourceTree = "<group>"; };
		6B33FA401D0AC5C8001ED4D5 /* SDWebImageOperation.h */ = {isa = PBXFileReference; fileEncoding = 4; lastKnownFileType = sourcecode.c.h; path = SDWebImageOperation.h; sourceTree = "<group>"; };
		6B33FA411D0AC5C8001ED4D5 /* SDWebImagePrefetcher.h */ = {isa = PBXFileReference; fileEncoding = 4; lastKnownFileType = sourcecode.c.h; path = SDWebImagePrefetcher.h; sourceTree = "<group>"; };
		6B33FA421D0AC5C8001ED4D5 /* SDWebImagePrefetcher.m */ = {isa = PBXFileReference; fileEncoding = 4; lastKnownFileType = sourcecode.c.objc; path = SDWebImagePrefetcher.m; sourceTree = "<group>"; };
		6B33FA431D0AC5C8001ED4D5 /* UIButton+WebCache.h */ = {isa = PBXFileReference; fileEncoding = 4; lastKnownFileType = sourcecode.c.h; path = "UIButton+WebCache.h"; sourceTree = "<group>"; };
		6B33FA441D0AC5C8001ED4D5 /* UIButton+WebCache.m */ = {isa = PBXFileReference; fileEncoding = 4; lastKnownFileType = sourcecode.c.objc; path = "UIButton+WebCache.m"; sourceTree = "<group>"; };
		6B33FA451D0AC5C8001ED4D5 /* UIImage+GIF.h */ = {isa = PBXFileReference; fileEncoding = 4; lastKnownFileType = sourcecode.c.h; path = "UIImage+GIF.h"; sourceTree = "<group>"; };
		6B33FA461D0AC5C8001ED4D5 /* UIImage+GIF.m */ = {isa = PBXFileReference; fileEncoding = 4; lastKnownFileType = sourcecode.c.objc; path = "UIImage+GIF.m"; sourceTree = "<group>"; };
		6B33FA471D0AC5C8001ED4D5 /* UIImage+MultiFormat.h */ = {isa = PBXFileReference; fileEncoding = 4; lastKnownFileType = sourcecode.c.h; path = "UIImage+MultiFormat.h"; sourceTree = "<group>"; };
		6B33FA481D0AC5C8001ED4D5 /* UIImage+MultiFormat.m */ = {isa = PBXFileReference; fileEncoding = 4; lastKnownFileType = sourcecode.c.objc; path = "UIImage+MultiFormat.m"; sourceTree = "<group>"; };
		6B33FA491D0AC5C8001ED4D5 /* UIImage+WebP.h */ = {isa = PBXFileReference; fileEncoding = 4; lastKnownFileType = sourcecode.c.h; path = "UIImage+WebP.h"; sourceTree = "<group>"; };
		6B33FA4A1D0AC5C8001ED4D5 /* UIImage+WebP.m */ = {isa = PBXFileReference; fileEncoding = 4; lastKnownFileType = sourcecode.c.objc; path = "UIImage+WebP.m"; sourceTree = "<group>"; };
		6B33FA4B1D0AC5C8001ED4D5 /* UIImageView+HighlightedWebCache.h */ = {isa = PBXFileReference; fileEncoding = 4; lastKnownFileType = sourcecode.c.h; path = "UIImageView+HighlightedWebCache.h"; sourceTree = "<group>"; };
		6B33FA4C1D0AC5C8001ED4D5 /* UIImageView+HighlightedWebCache.m */ = {isa = PBXFileReference; fileEncoding = 4; lastKnownFileType = sourcecode.c.objc; path = "UIImageView+HighlightedWebCache.m"; sourceTree = "<group>"; };
		6B33FA4D1D0AC5C8001ED4D5 /* UIImageView+WebCache.h */ = {isa = PBXFileReference; fileEncoding = 4; lastKnownFileType = sourcecode.c.h; path = "UIImageView+WebCache.h"; sourceTree = "<group>"; };
		6B33FA4E1D0AC5C8001ED4D5 /* UIImageView+WebCache.m */ = {isa = PBXFileReference; fileEncoding = 4; lastKnownFileType = sourcecode.c.objc; path = "UIImageView+WebCache.m"; sourceTree = "<group>"; };
		6B33FA4F1D0AC5C8001ED4D5 /* UIView+WebCacheOperation.h */ = {isa = PBXFileReference; fileEncoding = 4; lastKnownFileType = sourcecode.c.h; path = "UIView+WebCacheOperation.h"; sourceTree = "<group>"; };
		6B33FA501D0AC5C8001ED4D5 /* UIView+WebCacheOperation.m */ = {isa = PBXFileReference; fileEncoding = 4; lastKnownFileType = sourcecode.c.objc; path = "UIView+WebCacheOperation.m"; sourceTree = "<group>"; };
		6B33FA661D0B0CB2001ED4D5 /* AFHTTPRequestOperation.h */ = {isa = PBXFileReference; fileEncoding = 4; lastKnownFileType = sourcecode.c.h; path = AFHTTPRequestOperation.h; sourceTree = "<group>"; };
		6B33FA671D0B0CB2001ED4D5 /* AFHTTPRequestOperation.m */ = {isa = PBXFileReference; fileEncoding = 4; lastKnownFileType = sourcecode.c.objc; path = AFHTTPRequestOperation.m; sourceTree = "<group>"; };
		6B33FA681D0B0CB2001ED4D5 /* AFHTTPRequestOperationManager.h */ = {isa = PBXFileReference; fileEncoding = 4; lastKnownFileType = sourcecode.c.h; path = AFHTTPRequestOperationManager.h; sourceTree = "<group>"; };
		6B33FA691D0B0CB2001ED4D5 /* AFHTTPRequestOperationManager.m */ = {isa = PBXFileReference; fileEncoding = 4; lastKnownFileType = sourcecode.c.objc; path = AFHTTPRequestOperationManager.m; sourceTree = "<group>"; };
		6B33FA6A1D0B0CB2001ED4D5 /* AFHTTPSessionManager.h */ = {isa = PBXFileReference; fileEncoding = 4; lastKnownFileType = sourcecode.c.h; path = AFHTTPSessionManager.h; sourceTree = "<group>"; };
		6B33FA6B1D0B0CB2001ED4D5 /* AFHTTPSessionManager.m */ = {isa = PBXFileReference; fileEncoding = 4; lastKnownFileType = sourcecode.c.objc; path = AFHTTPSessionManager.m; sourceTree = "<group>"; };
		6B33FA6C1D0B0CB2001ED4D5 /* AFNetworking.h */ = {isa = PBXFileReference; fileEncoding = 4; lastKnownFileType = sourcecode.c.h; path = AFNetworking.h; sourceTree = "<group>"; };
		6B33FA6D1D0B0CB2001ED4D5 /* AFNetworkReachabilityManager.h */ = {isa = PBXFileReference; fileEncoding = 4; lastKnownFileType = sourcecode.c.h; path = AFNetworkReachabilityManager.h; sourceTree = "<group>"; };
		6B33FA6E1D0B0CB2001ED4D5 /* AFNetworkReachabilityManager.m */ = {isa = PBXFileReference; fileEncoding = 4; lastKnownFileType = sourcecode.c.objc; path = AFNetworkReachabilityManager.m; sourceTree = "<group>"; };
		6B33FA6F1D0B0CB2001ED4D5 /* AFSecurityPolicy.h */ = {isa = PBXFileReference; fileEncoding = 4; lastKnownFileType = sourcecode.c.h; path = AFSecurityPolicy.h; sourceTree = "<group>"; };
		6B33FA701D0B0CB2001ED4D5 /* AFSecurityPolicy.m */ = {isa = PBXFileReference; fileEncoding = 4; lastKnownFileType = sourcecode.c.objc; path = AFSecurityPolicy.m; sourceTree = "<group>"; };
		6B33FA711D0B0CB2001ED4D5 /* AFURLConnectionOperation.h */ = {isa = PBXFileReference; fileEncoding = 4; lastKnownFileType = sourcecode.c.h; path = AFURLConnectionOperation.h; sourceTree = "<group>"; };
		6B33FA721D0B0CB2001ED4D5 /* AFURLConnectionOperation.m */ = {isa = PBXFileReference; fileEncoding = 4; lastKnownFileType = sourcecode.c.objc; path = AFURLConnectionOperation.m; sourceTree = "<group>"; };
		6B33FA731D0B0CB2001ED4D5 /* AFURLRequestSerialization.h */ = {isa = PBXFileReference; fileEncoding = 4; lastKnownFileType = sourcecode.c.h; path = AFURLRequestSerialization.h; sourceTree = "<group>"; };
		6B33FA741D0B0CB2001ED4D5 /* AFURLRequestSerialization.m */ = {isa = PBXFileReference; fileEncoding = 4; lastKnownFileType = sourcecode.c.objc; path = AFURLRequestSerialization.m; sourceTree = "<group>"; };
		6B33FA751D0B0CB2001ED4D5 /* AFURLResponseSerialization.h */ = {isa = PBXFileReference; fileEncoding = 4; lastKnownFileType = sourcecode.c.h; path = AFURLResponseSerialization.h; sourceTree = "<group>"; };
		6B33FA761D0B0CB2001ED4D5 /* AFURLResponseSerialization.m */ = {isa = PBXFileReference; fileEncoding = 4; lastKnownFileType = sourcecode.c.objc; path = AFURLResponseSerialization.m; sourceTree = "<group>"; };
		6B33FA771D0B0CB2001ED4D5 /* AFURLSessionManager.h */ = {isa = PBXFileReference; fileEncoding = 4; lastKnownFileType = sourcecode.c.h; path = AFURLSessionManager.h; sourceTree = "<group>"; };
		6B33FA781D0B0CB2001ED4D5 /* AFURLSessionManager.m */ = {isa = PBXFileReference; fileEncoding = 4; lastKnownFileType = sourcecode.c.objc; path = AFURLSessionManager.m; sourceTree = "<group>"; };
/* End PBXFileReference section */

/* Begin PBXFrameworksBuildPhase section */
		6B33F9EF1D0A9989001ED4D5 /* Frameworks */ = {
			isa = PBXFrameworksBuildPhase;
			buildActionMask = 2147483647;
			files = (
			);
			runOnlyForDeploymentPostprocessing = 0;
		};
		6B33FA081D0A9989001ED4D5 /* Frameworks */ = {
			isa = PBXFrameworksBuildPhase;
			buildActionMask = 2147483647;
			files = (
			);
			runOnlyForDeploymentPostprocessing = 0;
		};
		6B33FA131D0A9989001ED4D5 /* Frameworks */ = {
			isa = PBXFrameworksBuildPhase;
			buildActionMask = 2147483647;
			files = (
			);
			runOnlyForDeploymentPostprocessing = 0;
		};
/* End PBXFrameworksBuildPhase section */

/* Begin PBXGroup section */
		6B33F9E91D0A9989001ED4D5 = {
			isa = PBXGroup;
			children = (
				6B33F9F41D0A9989001ED4D5 /* MemoryGame */,
				6B33FA0E1D0A9989001ED4D5 /* MemoryGameTests */,
				6B33FA191D0A9989001ED4D5 /* MemoryGameUITests */,
				6B33F9F31D0A9989001ED4D5 /* Products */,
			);
			sourceTree = "<group>";
		};
		6B33F9F31D0A9989001ED4D5 /* Products */ = {
			isa = PBXGroup;
			children = (
				6B33F9F21D0A9989001ED4D5 /* MemoryGame.app */,
				6B33FA0B1D0A9989001ED4D5 /* MemoryGameTests.xctest */,
				6B33FA161D0A9989001ED4D5 /* MemoryGameUITests.xctest */,
			);
			name = Products;
			sourceTree = "<group>";
		};
		6B33F9F41D0A9989001ED4D5 /* MemoryGame */ = {
			isa = PBXGroup;
			children = (
				6B33FA2B1D0AC5B4001ED4D5 /* utilityLibraries */,
				6B33F9F81D0A9989001ED4D5 /* AppDelegate.h */,
				6B33F9F91D0A9989001ED4D5 /* AppDelegate.m */,
				6B33F9FB1D0A9989001ED4D5 /* ViewController.h */,
				6B33F9FC1D0A9989001ED4D5 /* ViewController.m */,
				6B33F9FE1D0A9989001ED4D5 /* Main.storyboard */,
				6B33FA011D0A9989001ED4D5 /* Assets.xcassets */,
				6B33FA031D0A9989001ED4D5 /* LaunchScreen.storyboard */,
				6B33FA061D0A9989001ED4D5 /* Info.plist */,
				6B33F9F51D0A9989001ED4D5 /* Supporting Files */,
				6B33FA281D0AC009001ED4D5 /* MNImageCollectionCell.h */,
				6B33FA291D0AC009001ED4D5 /* MNImageCollectionCell.m */,
			);
			path = MemoryGame;
			sourceTree = "<group>";
		};
		6B33F9F51D0A9989001ED4D5 /* Supporting Files */ = {
			isa = PBXGroup;
			children = (
				6B33F9F61D0A9989001ED4D5 /* main.m */,
			);
			name = "Supporting Files";
			sourceTree = "<group>";
		};
		6B33FA0E1D0A9989001ED4D5 /* MemoryGameTests */ = {
			isa = PBXGroup;
			children = (
				6B33FA0F1D0A9989001ED4D5 /* MemoryGameTests.m */,
				6B33FA111D0A9989001ED4D5 /* Info.plist */,
			);
			path = MemoryGameTests;
			sourceTree = "<group>";
		};
		6B33FA191D0A9989001ED4D5 /* MemoryGameUITests */ = {
			isa = PBXGroup;
			children = (
				6B33FA1A1D0A9989001ED4D5 /* MemoryGameUITests.m */,
				6B33FA1C1D0A9989001ED4D5 /* Info.plist */,
			);
			path = MemoryGameUITests;
			sourceTree = "<group>";
		};
		6B33FA2B1D0AC5B4001ED4D5 /* utilityLibraries */ = {
			isa = PBXGroup;
			children = (
				6B33FA651D0B0CB2001ED4D5 /* AFNetworking */,
				6B33FA2C1D0AC5C8001ED4D5 /* MBProgressHUD */,
				6B33FA2F1D0AC5C8001ED4D5 /* SDWebImage */,
			);
			name = utilityLibraries;
			sourceTree = "<group>";
		};
		6B33FA2C1D0AC5C8001ED4D5 /* MBProgressHUD */ = {
			isa = PBXGroup;
			children = (
				6B33FA2D1D0AC5C8001ED4D5 /* MBProgressHUD.h */,
				6B33FA2E1D0AC5C8001ED4D5 /* MBProgressHUD.m */,
			);
			path = MBProgressHUD;
			sourceTree = "<group>";
		};
		6B33FA2F1D0AC5C8001ED4D5 /* SDWebImage */ = {
			isa = PBXGroup;
			children = (
				6B33FA301D0AC5C8001ED4D5 /* MKAnnotationView+WebCache.h */,
				6B33FA311D0AC5C8001ED4D5 /* MKAnnotationView+WebCache.m */,
				6B33FA321D0AC5C8001ED4D5 /* NSData+ImageContentType.h */,
				6B33FA331D0AC5C8001ED4D5 /* NSData+ImageContentType.m */,
				6B33FA341D0AC5C8001ED4D5 /* SDImageCache.h */,
				6B33FA351D0AC5C8001ED4D5 /* SDImageCache.m */,
				6B33FA361D0AC5C8001ED4D5 /* SDWebImageCompat.h */,
				6B33FA371D0AC5C8001ED4D5 /* SDWebImageCompat.m */,
				6B33FA381D0AC5C8001ED4D5 /* SDWebImageDecoder.h */,
				6B33FA391D0AC5C8001ED4D5 /* SDWebImageDecoder.m */,
				6B33FA3A1D0AC5C8001ED4D5 /* SDWebImageDownloader.h */,
				6B33FA3B1D0AC5C8001ED4D5 /* SDWebImageDownloader.m */,
				6B33FA3C1D0AC5C8001ED4D5 /* SDWebImageDownloaderOperation.h */,
				6B33FA3D1D0AC5C8001ED4D5 /* SDWebImageDownloaderOperation.m */,
				6B33FA3E1D0AC5C8001ED4D5 /* SDWebImageManager.h */,
				6B33FA3F1D0AC5C8001ED4D5 /* SDWebImageManager.m */,
				6B33FA401D0AC5C8001ED4D5 /* SDWebImageOperation.h */,
				6B33FA411D0AC5C8001ED4D5 /* SDWebImagePrefetcher.h */,
				6B33FA421D0AC5C8001ED4D5 /* SDWebImagePrefetcher.m */,
				6B33FA431D0AC5C8001ED4D5 /* UIButton+WebCache.h */,
				6B33FA441D0AC5C8001ED4D5 /* UIButton+WebCache.m */,
				6B33FA451D0AC5C8001ED4D5 /* UIImage+GIF.h */,
				6B33FA461D0AC5C8001ED4D5 /* UIImage+GIF.m */,
				6B33FA471D0AC5C8001ED4D5 /* UIImage+MultiFormat.h */,
				6B33FA481D0AC5C8001ED4D5 /* UIImage+MultiFormat.m */,
				6B33FA491D0AC5C8001ED4D5 /* UIImage+WebP.h */,
				6B33FA4A1D0AC5C8001ED4D5 /* UIImage+WebP.m */,
				6B33FA4B1D0AC5C8001ED4D5 /* UIImageView+HighlightedWebCache.h */,
				6B33FA4C1D0AC5C8001ED4D5 /* UIImageView+HighlightedWebCache.m */,
				6B33FA4D1D0AC5C8001ED4D5 /* UIImageView+WebCache.h */,
				6B33FA4E1D0AC5C8001ED4D5 /* UIImageView+WebCache.m */,
				6B33FA4F1D0AC5C8001ED4D5 /* UIView+WebCacheOperation.h */,
				6B33FA501D0AC5C8001ED4D5 /* UIView+WebCacheOperation.m */,
			);
			path = SDWebImage;
			sourceTree = "<group>";
		};
		6B33FA651D0B0CB2001ED4D5 /* AFNetworking */ = {
			isa = PBXGroup;
			children = (
				6B33FA661D0B0CB2001ED4D5 /* AFHTTPRequestOperation.h */,
				6B33FA671D0B0CB2001ED4D5 /* AFHTTPRequestOperation.m */,
				6B33FA681D0B0CB2001ED4D5 /* AFHTTPRequestOperationManager.h */,
				6B33FA691D0B0CB2001ED4D5 /* AFHTTPRequestOperationManager.m */,
				6B33FA6A1D0B0CB2001ED4D5 /* AFHTTPSessionManager.h */,
				6B33FA6B1D0B0CB2001ED4D5 /* AFHTTPSessionManager.m */,
				6B33FA6C1D0B0CB2001ED4D5 /* AFNetworking.h */,
				6B33FA6D1D0B0CB2001ED4D5 /* AFNetworkReachabilityManager.h */,
				6B33FA6E1D0B0CB2001ED4D5 /* AFNetworkReachabilityManager.m */,
				6B33FA6F1D0B0CB2001ED4D5 /* AFSecurityPolicy.h */,
				6B33FA701D0B0CB2001ED4D5 /* AFSecurityPolicy.m */,
				6B33FA711D0B0CB2001ED4D5 /* AFURLConnectionOperation.h */,
				6B33FA721D0B0CB2001ED4D5 /* AFURLConnectionOperation.m */,
				6B33FA731D0B0CB2001ED4D5 /* AFURLRequestSerialization.h */,
				6B33FA741D0B0CB2001ED4D5 /* AFURLRequestSerialization.m */,
				6B33FA751D0B0CB2001ED4D5 /* AFURLResponseSerialization.h */,
				6B33FA761D0B0CB2001ED4D5 /* AFURLResponseSerialization.m */,
				6B33FA771D0B0CB2001ED4D5 /* AFURLSessionManager.h */,
				6B33FA781D0B0CB2001ED4D5 /* AFURLSessionManager.m */,
			);
			path = AFNetworking;
			sourceTree = "<group>";
		};
/* End PBXGroup section */

/* Begin PBXNativeTarget section */
		6B33F9F11D0A9989001ED4D5 /* MemoryGame */ = {
			isa = PBXNativeTarget;
			buildConfigurationList = 6B33FA1F1D0A9989001ED4D5 /* Build configuration list for PBXNativeTarget "MemoryGame" */;
			buildPhases = (
				6B33F9EE1D0A9989001ED4D5 /* Sources */,
				6B33F9EF1D0A9989001ED4D5 /* Frameworks */,
				6B33F9F01D0A9989001ED4D5 /* Resources */,
			);
			buildRules = (
			);
			dependencies = (
			);
			name = MemoryGame;
			productName = MemoryGame;
			productReference = 6B33F9F21D0A9989001ED4D5 /* MemoryGame.app */;
			productType = "com.apple.product-type.application";
		};
		6B33FA0A1D0A9989001ED4D5 /* MemoryGameTests */ = {
			isa = PBXNativeTarget;
			buildConfigurationList = 6B33FA221D0A9989001ED4D5 /* Build configuration list for PBXNativeTarget "MemoryGameTests" */;
			buildPhases = (
				6B33FA071D0A9989001ED4D5 /* Sources */,
				6B33FA081D0A9989001ED4D5 /* Frameworks */,
				6B33FA091D0A9989001ED4D5 /* Resources */,
			);
			buildRules = (
			);
			dependencies = (
				6B33FA0D1D0A9989001ED4D5 /* PBXTargetDependency */,
			);
			name = MemoryGameTests;
			productName = MemoryGameTests;
			productReference = 6B33FA0B1D0A9989001ED4D5 /* MemoryGameTests.xctest */;
			productType = "com.apple.product-type.bundle.unit-test";
		};
		6B33FA151D0A9989001ED4D5 /* MemoryGameUITests */ = {
			isa = PBXNativeTarget;
			buildConfigurationList = 6B33FA251D0A9989001ED4D5 /* Build configuration list for PBXNativeTarget "MemoryGameUITests" */;
			buildPhases = (
				6B33FA121D0A9989001ED4D5 /* Sources */,
				6B33FA131D0A9989001ED4D5 /* Frameworks */,
				6B33FA141D0A9989001ED4D5 /* Resources */,
			);
			buildRules = (
			);
			dependencies = (
				6B33FA181D0A9989001ED4D5 /* PBXTargetDependency */,
			);
			name = MemoryGameUITests;
			productName = MemoryGameUITests;
			productReference = 6B33FA161D0A9989001ED4D5 /* MemoryGameUITests.xctest */;
			productType = "com.apple.product-type.bundle.ui-testing";
		};
/* End PBXNativeTarget section */

/* Begin PBXProject section */
		6B33F9EA1D0A9989001ED4D5 /* Project object */ = {
			isa = PBXProject;
			attributes = {
				LastUpgradeCheck = 0720;
				ORGANIZATIONNAME = "Sasidhar Koti";
				TargetAttributes = {
					6B33F9F11D0A9989001ED4D5 = {
						CreatedOnToolsVersion = 7.2;
					};
					6B33FA0A1D0A9989001ED4D5 = {
						CreatedOnToolsVersion = 7.2;
						TestTargetID = 6B33F9F11D0A9989001ED4D5;
					};
					6B33FA151D0A9989001ED4D5 = {
						CreatedOnToolsVersion = 7.2;
						TestTargetID = 6B33F9F11D0A9989001ED4D5;
					};
				};
			};
			buildConfigurationList = 6B33F9ED1D0A9989001ED4D5 /* Build configuration list for PBXProject "MemoryGame" */;
			compatibilityVersion = "Xcode 3.2";
			developmentRegion = English;
			hasScannedForEncodings = 0;
			knownRegions = (
				en,
				Base,
			);
			mainGroup = 6B33F9E91D0A9989001ED4D5;
			productRefGroup = 6B33F9F31D0A9989001ED4D5 /* Products */;
			projectDirPath = "";
			projectRoot = "";
			targets = (
				6B33F9F11D0A9989001ED4D5 /* MemoryGame */,
				6B33FA0A1D0A9989001ED4D5 /* MemoryGameTests */,
				6B33FA151D0A9989001ED4D5 /* MemoryGameUITests */,
			);
		};
/* End PBXProject section */

/* Begin PBXResourcesBuildPhase section */
		6B33F9F01D0A9989001ED4D5 /* Resources */ = {
			isa = PBXResourcesBuildPhase;
			buildActionMask = 2147483647;
			files = (
				6B33FA051D0A9989001ED4D5 /* LaunchScreen.storyboard in Resources */,
				6B33FA021D0A9989001ED4D5 /* Assets.xcassets in Resources */,
				6B33FA001D0A9989001ED4D5 /* Main.storyboard in Resources */,
			);
			runOnlyForDeploymentPostprocessing = 0;
		};
		6B33FA091D0A9989001ED4D5 /* Resources */ = {
			isa = PBXResourcesBuildPhase;
			buildActionMask = 2147483647;
			files = (
			);
			runOnlyForDeploymentPostprocessing = 0;
		};
		6B33FA141D0A9989001ED4D5 /* Resources */ = {
			isa = PBXResourcesBuildPhase;
			buildActionMask = 2147483647;
			files = (
			);
			runOnlyForDeploymentPostprocessing = 0;
		};
/* End PBXResourcesBuildPhase section */

/* Begin PBXSourcesBuildPhase section */
		6B33F9EE1D0A9989001ED4D5 /* Sources */ = {
			isa = PBXSourcesBuildPhase;
			buildActionMask = 2147483647;
			files = (
				6B33FA2A1D0AC009001ED4D5 /* MNImageCollectionCell.m in Sources */,
				6B33FA5F1D0AC5C8001ED4D5 /* UIImageView+HighlightedWebCache.m in Sources */,
				6B33FA601D0AC5C8001ED4D5 /* UIImageView+WebCache.m in Sources */,
				6B33FA5E1D0AC5C8001ED4D5 /* UIImage+WebP.m in Sources */,
				6B33FA7E1D0B0CB2001ED4D5 /* AFURLConnectionOperation.m in Sources */,
				6B33FA5A1D0AC5C8001ED4D5 /* SDWebImagePrefetcher.m in Sources */,
				6B33F9FD1D0A9989001ED4D5 /* ViewController.m in Sources */,
				6B33FA561D0AC5C8001ED4D5 /* SDWebImageDecoder.m in Sources */,
				6B33FA571D0AC5C8001ED4D5 /* SDWebImageDownloader.m in Sources */,
				6B33FA511D0AC5C8001ED4D5 /* MBProgressHUD.m in Sources */,
				6B33FA591D0AC5C8001ED4D5 /* SDWebImageManager.m in Sources */,
				6B33FA791D0B0CB2001ED4D5 /* AFHTTPRequestOperation.m in Sources */,
				6B33FA611D0AC5C8001ED4D5 /* UIView+WebCacheOperation.m in Sources */,
				6B33FA7C1D0B0CB2001ED4D5 /* AFNetworkReachabilityManager.m in Sources */,
				6B33FA5B1D0AC5C8001ED4D5 /* UIButton+WebCache.m in Sources */,
				6B33FA811D0B0CB2001ED4D5 /* AFURLSessionManager.m in Sources */,
				6B33FA5D1D0AC5C8001ED4D5 /* UIImage+MultiFormat.m in Sources */,
				6B33FA7A1D0B0CB2001ED4D5 /* AFHTTPRequestOperationManager.m in Sources */,
				6B33FA7B1D0B0CB2001ED4D5 /* AFHTTPSessionManager.m in Sources */,
				6B33F9FA1D0A9989001ED4D5 /* AppDelegate.m in Sources */,
				6B33FA801D0B0CB2001ED4D5 /* AFURLResponseSerialization.m in Sources */,
				6B33FA7F1D0B0CB2001ED4D5 /* AFURLRequestSerialization.m in Sources */,
				6B33FA581D0AC5C8001ED4D5 /* SDWebImageDownloaderOperation.m in Sources */,
				6B33FA5C1D0AC5C8001ED4D5 /* UIImage+GIF.m in Sources */,
				6B33FA551D0AC5C8001ED4D5 /* SDWebImageCompat.m in Sources */,
				6B33FA531D0AC5C8001ED4D5 /* NSData+ImageContentType.m in Sources */,
				6B33FA7D1D0B0CB2001ED4D5 /* AFSecurityPolicy.m in Sources */,
				6B33F9F71D0A9989001ED4D5 /* main.m in Sources */,
				6B33FA521D0AC5C8001ED4D5 /* MKAnnotationView+WebCache.m in Sources */,
				6B33FA541D0AC5C8001ED4D5 /* SDImageCache.m in Sources */,
			);
			runOnlyForDeploymentPostprocessing = 0;
		};
		6B33FA071D0A9989001ED4D5 /* Sources */ = {
			isa = PBXSourcesBuildPhase;
			buildActionMask = 2147483647;
			files = (
				6B33FA101D0A9989001ED4D5 /* MemoryGameTests.m in Sources */,
			);
			runOnlyForDeploymentPostprocessing = 0;
		};
		6B33FA121D0A9989001ED4D5 /* Sources */ = {
			isa = PBXSourcesBuildPhase;
			buildActionMask = 2147483647;
			files = (
				6B33FA1B1D0A9989001ED4D5 /* MemoryGameUITests.m in Sources */,
			);
			runOnlyForDeploymentPostprocessing = 0;
		};
/* End PBXSourcesBuildPhase section */

/* Begin PBXTargetDependency section */
		6B33FA0D1D0A9989001ED4D5 /* PBXTargetDependency */ = {
			isa = PBXTargetDependency;
			target = 6B33F9F11D0A9989001ED4D5 /* MemoryGame */;
			targetProxy = 6B33FA0C1D0A9989001ED4D5 /* PBXContainerItemProxy */;
		};
		6B33FA181D0A9989001ED4D5 /* PBXTargetDependency */ = {
			isa = PBXTargetDependency;
			target = 6B33F9F11D0A9989001ED4D5 /* MemoryGame */;
			targetProxy = 6B33FA171D0A9989001ED4D5 /* PBXContainerItemProxy */;
		};
/* End PBXTargetDependency section */

/* Begin PBXVariantGroup section */
		6B33F9FE1D0A9989001ED4D5 /* Main.storyboard */ = {
			isa = PBXVariantGroup;
			children = (
				6B33F9FF1D0A9989001ED4D5 /* Base */,
			);
			name = Main.storyboard;
			sourceTree = "<group>";
		};
		6B33FA031D0A9989001ED4D5 /* LaunchScreen.storyboard */ = {
			isa = PBXVariantGroup;
			children = (
				6B33FA041D0A9989001ED4D5 /* Base */,
			);
			name = LaunchScreen.storyboard;
			sourceTree = "<group>";
		};
/* End PBXVariantGroup section */

/* Begin XCBuildConfiguration section */
		6B33FA1D1D0A9989001ED4D5 /* Debug */ = {
			isa = XCBuildConfiguration;
			buildSettings = {
				ALWAYS_SEARCH_USER_PATHS = NO;
				CLANG_CXX_LANGUAGE_STANDARD = "gnu++0x";
				CLANG_CXX_LIBRARY = "libc++";
				CLANG_ENABLE_MODULES = YES;
				CLANG_ENABLE_OBJC_ARC = YES;
				CLANG_WARN_BOOL_CONVERSION = YES;
				CLANG_WARN_CONSTANT_CONVERSION = YES;
				CLANG_WARN_DIRECT_OBJC_ISA_USAGE = YES_ERROR;
				CLANG_WARN_EMPTY_BODY = YES;
				CLANG_WARN_ENUM_CONVERSION = YES;
				CLANG_WARN_INT_CONVERSION = YES;
				CLANG_WARN_OBJC_ROOT_CLASS = YES_ERROR;
				CLANG_WARN_UNREACHABLE_CODE = YES;
				CLANG_WARN__DUPLICATE_METHOD_MATCH = YES;
				"CODE_SIGN_IDENTITY[sdk=iphoneos*]" = "iPhone Developer";
				COPY_PHASE_STRIP = NO;
				DEBUG_INFORMATION_FORMAT = dwarf;
				ENABLE_STRICT_OBJC_MSGSEND = YES;
				ENABLE_TESTABILITY = YES;
				GCC_C_LANGUAGE_STANDARD = gnu99;
				GCC_DYNAMIC_NO_PIC = NO;
				GCC_NO_COMMON_BLOCKS = YES;
				GCC_OPTIMIZATION_LEVEL = 0;
				GCC_PREPROCESSOR_DEFINITIONS = (
					"DEBUG=1",
					"$(inherited)",
				);
				GCC_WARN_64_TO_32_BIT_CONVERSION = YES;
				GCC_WARN_ABOUT_RETURN_TYPE = YES_ERROR;
				GCC_WARN_UNDECLARED_SELECTOR = YES;
				GCC_WARN_UNINITIALIZED_AUTOS = YES_AGGRESSIVE;
				GCC_WARN_UNUSED_FUNCTION = YES;
				GCC_WARN_UNUSED_VARIABLE = YES;
				IPHONEOS_DEPLOYMENT_TARGET = 9.2;
				MTL_ENABLE_DEBUG_INFO = YES;
				ONLY_ACTIVE_ARCH = YES;
				SDKROOT = iphoneos;
			};
			name = Debug;
		};
		6B33FA1E1D0A9989001ED4D5 /* Release */ = {
			isa = XCBuildConfiguration;
			buildSettings = {
				ALWAYS_SEARCH_USER_PATHS = NO;
				CLANG_CXX_LANGUAGE_STANDARD = "gnu++0x";
				CLANG_CXX_LIBRARY = "libc++";
				CLANG_ENABLE_MODULES = YES;
				CLANG_ENABLE_OBJC_ARC = YES;
				CLANG_WARN_BOOL_CONVERSION = YES;
				CLANG_WARN_CONSTANT_CONVERSION = YES;
				CLANG_WARN_DIRECT_OBJC_ISA_USAGE = YES_ERROR;
				CLANG_WARN_EMPTY_BODY = YES;
				CLANG_WARN_ENUM_CONVERSION = YES;
				CLANG_WARN_INT_CONVERSION = YES;
				CLANG_WARN_OBJC_ROOT_CLASS = YES_ERROR;
				CLANG_WARN_UNREACHABLE_CODE = YES;
				CLANG_WARN__DUPLICATE_METHOD_MATCH = YES;
				"CODE_SIGN_IDENTITY[sdk=iphoneos*]" = "iPhone Developer";
				COPY_PHASE_STRIP = NO;
				DEBUG_INFORMATION_FORMAT = "dwarf-with-dsym";
				ENABLE_NS_ASSERTIONS = NO;
				ENABLE_STRICT_OBJC_MSGSEND = YES;
				GCC_C_LANGUAGE_STANDARD = gnu99;
				GCC_NO_COMMON_BLOCKS = YES;
				GCC_WARN_64_TO_32_BIT_CONVERSION = YES;
				GCC_WARN_ABOUT_RETURN_TYPE = YES_ERROR;
				GCC_WARN_UNDECLARED_SELECTOR = YES;
				GCC_WARN_UNINITIALIZED_AUTOS = YES_AGGRESSIVE;
				GCC_WARN_UNUSED_FUNCTION = YES;
				GCC_WARN_UNUSED_VARIABLE = YES;
				IPHONEOS_DEPLOYMENT_TARGET = 9.2;
				MTL_ENABLE_DEBUG_INFO = NO;
				SDKROOT = iphoneos;
				VALIDATE_PRODUCT = YES;
			};
			name = Release;
		};
		6B33FA201D0A9989001ED4D5 /* Debug */ = {
			isa = XCBuildConfiguration;
			buildSettings = {
				ASSETCATALOG_COMPILER_APPICON_NAME = AppIcon;
				INFOPLIST_FILE = MemoryGame/Info.plist;
				LD_RUNPATH_SEARCH_PATHS = "$(inherited) @executable_path/Frameworks";
				PRODUCT_BUNDLE_IDENTIFIER = com.sasi.iOSTutorial.MemoryGame;
				PRODUCT_NAME = "$(TARGET_NAME)";
			};
			name = Debug;
		};
		6B33FA211D0A9989001ED4D5 /* Release */ = {
			isa = XCBuildConfiguration;
			buildSettings = {
				ASSETCATALOG_COMPILER_APPICON_NAME = AppIcon;
				INFOPLIST_FILE = MemoryGame/Info.plist;
				LD_RUNPATH_SEARCH_PATHS = "$(inherited) @executable_path/Frameworks";
				PRODUCT_BUNDLE_IDENTIFIER = com.sasi.iOSTutorial.MemoryGame;
				PRODUCT_NAME = "$(TARGET_NAME)";
			};
			name = Release;
		};
		6B33FA231D0A9989001ED4D5 /* Debug */ = {
			isa = XCBuildConfiguration;
			buildSettings = {
				BUNDLE_LOADER = "$(TEST_HOST)";
				INFOPLIST_FILE = MemoryGameTests/Info.plist;
				LD_RUNPATH_SEARCH_PATHS = "$(inherited) @executable_path/Frameworks @loader_path/Frameworks";
				PRODUCT_BUNDLE_IDENTIFIER = com.sasi.iOSTutorial.MemoryGameTests;
				PRODUCT_NAME = "$(TARGET_NAME)";
				TEST_HOST = "$(BUILT_PRODUCTS_DIR)/MemoryGame.app/MemoryGame";
			};
			name = Debug;
		};
		6B33FA241D0A9989001ED4D5 /* Release */ = {
			isa = XCBuildConfiguration;
			buildSettings = {
				BUNDLE_LOADER = "$(TEST_HOST)";
				INFOPLIST_FILE = MemoryGameTests/Info.plist;
				LD_RUNPATH_SEARCH_PATHS = "$(inherited) @executable_path/Frameworks @loader_path/Frameworks";
				PRODUCT_BUNDLE_IDENTIFIER = com.sasi.iOSTutorial.MemoryGameTests;
				PRODUCT_NAME = "$(TARGET_NAME)";
				TEST_HOST = "$(BUILT_PRODUCTS_DIR)/MemoryGame.app/MemoryGame";
			};
			name = Release;
		};
		6B33FA261D0A9989001ED4D5 /* Debug */ = {
			isa = XCBuildConfiguration;
			buildSettings = {
				INFOPLIST_FILE = MemoryGameUITests/Info.plist;
				LD_RUNPATH_SEARCH_PATHS = "$(inherited) @executable_path/Frameworks @loader_path/Frameworks";
				PRODUCT_BUNDLE_IDENTIFIER = com.sasi.iOSTutorial.MemoryGameUITests;
				PRODUCT_NAME = "$(TARGET_NAME)";
				TEST_TARGET_NAME = MemoryGame;
				USES_XCTRUNNER = YES;
			};
			name = Debug;
		};
		6B33FA271D0A9989001ED4D5 /* Release */ = {
			isa = XCBuildConfiguration;
			buildSettings = {
				INFOPLIST_FILE = MemoryGameUITests/Info.plist;
				LD_RUNPATH_SEARCH_PATHS = "$(inherited) @executable_path/Frameworks @loader_path/Frameworks";
				PRODUCT_BUNDLE_IDENTIFIER = com.sasi.iOSTutorial.MemoryGameUITests;
				PRODUCT_NAME = "$(TARGET_NAME)";
				TEST_TARGET_NAME = MemoryGame;
				USES_XCTRUNNER = YES;
			};
			name = Release;
		};
/* End XCBuildConfiguration section */

/* Begin XCConfigurationList section */
		6B33F9ED1D0A9989001ED4D5 /* Build configuration list for PBXProject "MemoryGame" */ = {
			isa = XCConfigurationList;
			buildConfigurations = (
				6B33FA1D1D0A9989001ED4D5 /* Debug */,
				6B33FA1E1D0A9989001ED4D5 /* Release */,
			);
			defaultConfigurationIsVisible = 0;
			defaultConfigurationName = Release;
		};
		6B33FA1F1D0A9989001ED4D5 /* Build configuration list for PBXNativeTarget "MemoryGame" */ = {
			isa = XCConfigurationList;
			buildConfigurations = (
				6B33FA201D0A9989001ED4D5 /* Debug */,
				6B33FA211D0A9989001ED4D5 /* Release */,
			);
			defaultConfigurationIsVisible = 0;
			defaultConfigurationName = Release;
		};
		6B33FA221D0A9989001ED4D5 /* Build configuration list for PBXNativeTarget "MemoryGameTests" */ = {
			isa = XCConfigurationList;
			buildConfigurations = (
				6B33FA231D0A9989001ED4D5 /* Debug */,
				6B33FA241D0A9989001ED4D5 /* Release */,
			);
			defaultConfigurationIsVisible = 0;
			defaultConfigurationName = Release;
		};
		6B33FA251D0A9989001ED4D5 /* Build configuration list for PBXNativeTarget "MemoryGameUITests" */ = {
			isa = XCConfigurationList;
			buildConfigurations = (
				6B33FA261D0A9989001ED4D5 /* Debug */,
				6B33FA271D0A9989001ED4D5 /* Release */,
			);
			defaultConfigurationIsVisible = 0;
			defaultConfigurationName = Release;
		};
/* End XCConfigurationList section */
	};
	rootObject = 6B33F9EA1D0A9989001ED4D5 /* Project object */;
}
